// !$*UTF8*$!
{
	archiveVersion = 1;
	classes = {
	};
	objectVersion = 50;
	objects = {

/* Begin PBXBuildFile section */
		3334A7722141E6540062BD9E /* SettingsViewController.swift in Sources */ = {isa = PBXBuildFile; fileRef = 3334A7712141E6540062BD9E /* SettingsViewController.swift */; };
		33D06C912137AFE3005BC499 /* AppDelegate.swift in Sources */ = {isa = PBXBuildFile; fileRef = 33D06C902137AFE3005BC499 /* AppDelegate.swift */; };
		33D06C932137AFE3005BC499 /* ViewController.swift in Sources */ = {isa = PBXBuildFile; fileRef = 33D06C922137AFE3005BC499 /* ViewController.swift */; };
		33D06C962137AFE3005BC499 /* Main.storyboard in Resources */ = {isa = PBXBuildFile; fileRef = 33D06C942137AFE3005BC499 /* Main.storyboard */; };
		33D06C982137AFE5005BC499 /* Assets.xcassets in Resources */ = {isa = PBXBuildFile; fileRef = 33D06C972137AFE5005BC499 /* Assets.xcassets */; };
		33D06C9B2137AFE5005BC499 /* LaunchScreen.storyboard in Resources */ = {isa = PBXBuildFile; fileRef = 33D06C992137AFE5005BC499 /* LaunchScreen.storyboard */; };
		33D06CA62137AFE5005BC499 /* TipCalcTests.swift in Sources */ = {isa = PBXBuildFile; fileRef = 33D06CA52137AFE5005BC499 /* TipCalcTests.swift */; };
		33D06CB12137AFE5005BC499 /* TipCalcUITests.swift in Sources */ = {isa = PBXBuildFile; fileRef = 33D06CB02137AFE5005BC499 /* TipCalcUITests.swift */; };
/* End PBXBuildFile section */

/* Begin PBXContainerItemProxy section */
		33D06CA22137AFE5005BC499 /* PBXContainerItemProxy */ = {
			isa = PBXContainerItemProxy;
			containerPortal = 33D06C852137AFE2005BC499 /* Project object */;
			proxyType = 1;
			remoteGlobalIDString = 33D06C8C2137AFE2005BC499;
			remoteInfo = TipCalc;
		};
		33D06CAD2137AFE5005BC499 /* PBXContainerItemProxy */ = {
			isa = PBXContainerItemProxy;
			containerPortal = 33D06C852137AFE2005BC499 /* Project object */;
			proxyType = 1;
			remoteGlobalIDString = 33D06C8C2137AFE2005BC499;
			remoteInfo = TipCalc;
		};
/* End PBXContainerItemProxy section */

/* Begin PBXFileReference section */
		3334A7712141E6540062BD9E /* SettingsViewController.swift */ = {isa = PBXFileReference; lastKnownFileType = sourcecode.swift; path = SettingsViewController.swift; sourceTree = "<group>"; };
		33D06C8D2137AFE3005BC499 /* TipCalc.app */ = {isa = PBXFileReference; explicitFileType = wrapper.application; includeInIndex = 0; path = TipCalc.app; sourceTree = BUILT_PRODUCTS_DIR; };
		33D06C902137AFE3005BC499 /* AppDelegate.swift */ = {isa = PBXFileReference; lastKnownFileType = sourcecode.swift; path = AppDelegate.swift; sourceTree = "<group>"; };
		33D06C922137AFE3005BC499 /* ViewController.swift */ = {isa = PBXFileReference; lastKnownFileType = sourcecode.swift; path = ViewController.swift; sourceTree = "<group>"; };
		33D06C952137AFE3005BC499 /* Base */ = {isa = PBXFileReference; lastKnownFileType = file.storyboard; name = Base; path = Base.lproj/Main.storyboard; sourceTree = "<group>"; };
		33D06C972137AFE5005BC499 /* Assets.xcassets */ = {isa = PBXFileReference; lastKnownFileType = folder.assetcatalog; path = Assets.xcassets; sourceTree = "<group>"; };
		33D06C9A2137AFE5005BC499 /* Base */ = {isa = PBXFileReference; lastKnownFileType = file.storyboard; name = Base; path = Base.lproj/LaunchScreen.storyboard; sourceTree = "<group>"; };
		33D06C9C2137AFE5005BC499 /* Info.plist */ = {isa = PBXFileReference; lastKnownFileType = text.plist.xml; path = Info.plist; sourceTree = "<group>"; };
		33D06CA12137AFE5005BC499 /* TipCalcTests.xctest */ = {isa = PBXFileReference; explicitFileType = wrapper.cfbundle; includeInIndex = 0; path = TipCalcTests.xctest; sourceTree = BUILT_PRODUCTS_DIR; };
		33D06CA52137AFE5005BC499 /* TipCalcTests.swift */ = {isa = PBXFileReference; lastKnownFileType = sourcecode.swift; path = TipCalcTests.swift; sourceTree = "<group>"; };
		33D06CA72137AFE5005BC499 /* Info.plist */ = {isa = PBXFileReference; lastKnownFileType = text.plist.xml; path = Info.plist; sourceTree = "<group>"; };
		33D06CAC2137AFE5005BC499 /* TipCalcUITests.xctest */ = {isa = PBXFileReference; explicitFileType = wrapper.cfbundle; includeInIndex = 0; path = TipCalcUITests.xctest; sourceTree = BUILT_PRODUCTS_DIR; };
		33D06CB02137AFE5005BC499 /* TipCalcUITests.swift */ = {isa = PBXFileReference; lastKnownFileType = sourcecode.swift; path = TipCalcUITests.swift; sourceTree = "<group>"; };
		33D06CB22137AFE5005BC499 /* Info.plist */ = {isa = PBXFileReference; lastKnownFileType = text.plist.xml; path = Info.plist; sourceTree = "<group>"; };
/* End PBXFileReference section */

/* Begin PBXFrameworksBuildPhase section */
		33D06C8A2137AFE2005BC499 /* Frameworks */ = {
			isa = PBXFrameworksBuildPhase;
			buildActionMask = 2147483647;
			files = (
			);
			runOnlyForDeploymentPostprocessing = 0;
		};
		33D06C9E2137AFE5005BC499 /* Frameworks */ = {
			isa = PBXFrameworksBuildPhase;
			buildActionMask = 2147483647;
			files = (
			);
			runOnlyForDeploymentPostprocessing = 0;
		};
		33D06CA92137AFE5005BC499 /* Frameworks */ = {
			isa = PBXFrameworksBuildPhase;
			buildActionMask = 2147483647;
			files = (
			);
			runOnlyForDeploymentPostprocessing = 0;
		};
/* End PBXFrameworksBuildPhase section */

/* Begin PBXGroup section */
		33D06C842137AFE2005BC499 = {
			isa = PBXGroup;
			children = (
				33D06C8F2137AFE3005BC499 /* TipCalc */,
				33D06CA42137AFE5005BC499 /* TipCalcTests */,
				33D06CAF2137AFE5005BC499 /* TipCalcUITests */,
				33D06C8E2137AFE3005BC499 /* Products */,
			);
			sourceTree = "<group>";
		};
		33D06C8E2137AFE3005BC499 /* Products */ = {
			isa = PBXGroup;
			children = (
				33D06C8D2137AFE3005BC499 /* TipCalc.app */,
				33D06CA12137AFE5005BC499 /* TipCalcTests.xctest */,
				33D06CAC2137AFE5005BC499 /* TipCalcUITests.xctest */,
			);
			name = Products;
			sourceTree = "<group>";
		};
		33D06C8F2137AFE3005BC499 /* TipCalc */ = {
			isa = PBXGroup;
			children = (
				33D06C902137AFE3005BC499 /* AppDelegate.swift */,
				33D06C922137AFE3005BC499 /* ViewController.swift */,
				33D06C942137AFE3005BC499 /* Main.storyboard */,
				3334A7712141E6540062BD9E /* SettingsViewController.swift */,
				33D06C972137AFE5005BC499 /* Assets.xcassets */,
				33D06C992137AFE5005BC499 /* LaunchScreen.storyboard */,
				33D06C9C2137AFE5005BC499 /* Info.plist */,
			);
			path = TipCalc;
			sourceTree = "<group>";
		};
		33D06CA42137AFE5005BC499 /* TipCalcTests */ = {
			isa = PBXGroup;
			children = (
				33D06CA52137AFE5005BC499 /* TipCalcTests.swift */,
				33D06CA72137AFE5005BC499 /* Info.plist */,
			);
			path = TipCalcTests;
			sourceTree = "<group>";
		};
		33D06CAF2137AFE5005BC499 /* TipCalcUITests */ = {
			isa = PBXGroup;
			children = (
				33D06CB02137AFE5005BC499 /* TipCalcUITests.swift */,
				33D06CB22137AFE5005BC499 /* Info.plist */,
			);
			path = TipCalcUITests;
			sourceTree = "<group>";
		};
/* End PBXGroup section */

/* Begin PBXNativeTarget section */
		33D06C8C2137AFE2005BC499 /* TipCalc */ = {
			isa = PBXNativeTarget;
			buildConfigurationList = 33D06CB52137AFE5005BC499 /* Build configuration list for PBXNativeTarget "TipCalc" */;
			buildPhases = (
				33D06C892137AFE2005BC499 /* Sources */,
				33D06C8A2137AFE2005BC499 /* Frameworks */,
				33D06C8B2137AFE2005BC499 /* Resources */,
			);
			buildRules = (
			);
			dependencies = (
			);
			name = TipCalc;
			productName = TipCalc;
			productReference = 33D06C8D2137AFE3005BC499 /* TipCalc.app */;
			productType = "com.apple.product-type.application";
		};
		33D06CA02137AFE5005BC499 /* TipCalcTests */ = {
			isa = PBXNativeTarget;
			buildConfigurationList = 33D06CB82137AFE5005BC499 /* Build configuration list for PBXNativeTarget "TipCalcTests" */;
			buildPhases = (
				33D06C9D2137AFE5005BC499 /* Sources */,
				33D06C9E2137AFE5005BC499 /* Frameworks */,
				33D06C9F2137AFE5005BC499 /* Resources */,
			);
			buildRules = (
			);
			dependencies = (
				33D06CA32137AFE5005BC499 /* PBXTargetDependency */,
			);
			name = TipCalcTests;
			productName = TipCalcTests;
			productReference = 33D06CA12137AFE5005BC499 /* TipCalcTests.xctest */;
			productType = "com.apple.product-type.bundle.unit-test";
		};
		33D06CAB2137AFE5005BC499 /* TipCalcUITests */ = {
			isa = PBXNativeTarget;
			buildConfigurationList = 33D06CBB2137AFE5005BC499 /* Build configuration list for PBXNativeTarget "TipCalcUITests" */;
			buildPhases = (
				33D06CA82137AFE5005BC499 /* Sources */,
				33D06CA92137AFE5005BC499 /* Frameworks */,
				33D06CAA2137AFE5005BC499 /* Resources */,
			);
			buildRules = (
			);
			dependencies = (
				33D06CAE2137AFE5005BC499 /* PBXTargetDependency */,
			);
			name = TipCalcUITests;
			productName = TipCalcUITests;
			productReference = 33D06CAC2137AFE5005BC499 /* TipCalcUITests.xctest */;
			productType = "com.apple.product-type.bundle.ui-testing";
		};
/* End PBXNativeTarget section */

/* Begin PBXProject section */
		33D06C852137AFE2005BC499 /* Project object */ = {
			isa = PBXProject;
			attributes = {
				LastSwiftUpdateCheck = 0940;
				LastUpgradeCheck = 0940;
				ORGANIZATIONNAME = "Nandhana Sathish";
				TargetAttributes = {
					33D06C8C2137AFE2005BC499 = {
						CreatedOnToolsVersion = 9.4.1;
					};
					33D06CA02137AFE5005BC499 = {
						CreatedOnToolsVersion = 9.4.1;
						TestTargetID = 33D06C8C2137AFE2005BC499;
					};
					33D06CAB2137AFE5005BC499 = {
						CreatedOnToolsVersion = 9.4.1;
						TestTargetID = 33D06C8C2137AFE2005BC499;
					};
				};
			};
			buildConfigurationList = 33D06C882137AFE2005BC499 /* Build configuration list for PBXProject "TipCalc" */;
			compatibilityVersion = "Xcode 9.3";
			developmentRegion = en;
			hasScannedForEncodings = 0;
			knownRegions = (
				en,
				Base,
			);
			mainGroup = 33D06C842137AFE2005BC499;
			productRefGroup = 33D06C8E2137AFE3005BC499 /* Products */;
			projectDirPath = "";
			projectRoot = "";
			targets = (
				33D06C8C2137AFE2005BC499 /* TipCalc */,
				33D06CA02137AFE5005BC499 /* TipCalcTests */,
				33D06CAB2137AFE5005BC499 /* TipCalcUITests */,
			);
		};
/* End PBXProject section */

/* Begin PBXResourcesBuildPhase section */
		33D06C8B2137AFE2005BC499 /* Resources */ = {
			isa = PBXResourcesBuildPhase;
			buildActionMask = 2147483647;
			files = (
				33D06C9B2137AFE5005BC499 /* LaunchScreen.storyboard in Resources */,
				33D06C982137AFE5005BC499 /* Assets.xcassets in Resources */,
				33D06C962137AFE3005BC499 /* Main.storyboard in Resources */,
			);
			runOnlyForDeploymentPostprocessing = 0;
		};
		33D06C9F2137AFE5005BC499 /* Resources */ = {
			isa = PBXResourcesBuildPhase;
			buildActionMask = 2147483647;
			files = (
			);
			runOnlyForDeploymentPostprocessing = 0;
		};
		33D06CAA2137AFE5005BC499 /* Resources */ = {
			isa = PBXResourcesBuildPhase;
			buildActionMask = 2147483647;
			files = (
			);
			runOnlyForDeploymentPostprocessing = 0;
		};
/* End PBXResourcesBuildPhase section */

/* Begin PBXSourcesBuildPhase section */
		33D06C892137AFE2005BC499 /* Sources */ = {
			isa = PBXSourcesBuildPhase;
			buildActionMask = 2147483647;
			files = (
				33D06C932137AFE3005BC499 /* ViewController.swift in Sources */,
				33D06C912137AFE3005BC499 /* AppDelegate.swift in Sources */,
				3334A7722141E6540062BD9E /* SettingsViewController.swift in Sources */,
			);
			runOnlyForDeploymentPostprocessing = 0;
		};
		33D06C9D2137AFE5005BC499 /* Sources */ = {
			isa = PBXSourcesBuildPhase;
			buildActionMask = 2147483647;
			files = (
				33D06CA62137AFE5005BC499 /* TipCalcTests.swift in Sources */,
			);
			runOnlyForDeploymentPostprocessing = 0;
		};
		33D06CA82137AFE5005BC499 /* Sources */ = {
			isa = PBXSourcesBuildPhase;
			buildActionMask = 2147483647;
			files = (
				33D06CB12137AFE5005BC499 /* TipCalcUITests.swift in Sources */,
			);
			runOnlyForDeploymentPostprocessing = 0;
		};
/* End PBXSourcesBuildPhase section */

/* Begin PBXTargetDependency section */
		33D06CA32137AFE5005BC499 /* PBXTargetDependency */ = {
			isa = PBXTargetDependency;
			target = 33D06C8C2137AFE2005BC499 /* TipCalc */;
			targetProxy = 33D06CA22137AFE5005BC499 /* PBXContainerItemProxy */;
		};
		33D06CAE2137AFE5005BC499 /* PBXTargetDependency */ = {
			isa = PBXTargetDependency;
			target = 33D06C8C2137AFE2005BC499 /* TipCalc */;
			targetProxy = 33D06CAD2137AFE5005BC499 /* PBXContainerItemProxy */;
		};
/* End PBXTargetDependency section */

/* Begin PBXVariantGroup section */
		33D06C942137AFE3005BC499 /* Main.storyboard */ = {
			isa = PBXVariantGroup;
			children = (
				33D06C952137AFE3005BC499 /* Base */,
			);
			name = Main.storyboard;
			sourceTree = "<group>";
		};
		33D06C992137AFE5005BC499 /* LaunchScreen.storyboard */ = {
			isa = PBXVariantGroup;
			children = (
				33D06C9A2137AFE5005BC499 /* Base */,
			);
			name = LaunchScreen.storyboard;
			sourceTree = "<group>";
		};
/* End PBXVariantGroup section */

/* Begin XCBuildConfiguration section */
		33D06CB32137AFE5005BC499 /* Debug */ = {
			isa = XCBuildConfiguration;
			buildSettings = {
				ALWAYS_SEARCH_USER_PATHS = NO;
				CLANG_ANALYZER_NONNULL = YES;
				CLANG_ANALYZER_NUMBER_OBJECT_CONVERSION = YES_AGGRESSIVE;
				CLANG_CXX_LANGUAGE_STANDARD = "gnu++14";
				CLANG_CXX_LIBRARY = "libc++";
				CLANG_ENABLE_MODULES = YES;
				CLANG_ENABLE_OBJC_ARC = YES;
				CLANG_ENABLE_OBJC_WEAK = YES;
				CLANG_WARN_BLOCK_CAPTURE_AUTORELEASING = YES;
				CLANG_WARN_BOOL_CONVERSION = YES;
				CLANG_WARN_COMMA = YES;
				CLANG_WARN_CONSTANT_CONVERSION = YES;
				CLANG_WARN_DEPRECATED_OBJC_IMPLEMENTATIONS = YES;
				CLANG_WARN_DIRECT_OBJC_ISA_USAGE = YES_ERROR;
				CLANG_WARN_DOCUMENTATION_COMMENTS = YES;
				CLANG_WARN_EMPTY_BODY = YES;
				CLANG_WARN_ENUM_CONVERSION = YES;
				CLANG_WARN_INFINITE_RECURSION = YES;
				CLANG_WARN_INT_CONVERSION = YES;
				CLANG_WARN_NON_LITERAL_NULL_CONVERSION = YES;
				CLANG_WARN_OBJC_IMPLICIT_RETAIN_SELF = YES;
				CLANG_WARN_OBJC_LITERAL_CONVERSION = YES;
				CLANG_WARN_OBJC_ROOT_CLASS = YES_ERROR;
				CLANG_WARN_RANGE_LOOP_ANALYSIS = YES;
				CLANG_WARN_STRICT_PROTOTYPES = YES;
				CLANG_WARN_SUSPICIOUS_MOVE = YES;
				CLANG_WARN_UNGUARDED_AVAILABILITY = YES_AGGRESSIVE;
				CLANG_WARN_UNREACHABLE_CODE = YES;
				CLANG_WARN__DUPLICATE_METHOD_MATCH = YES;
				CODE_SIGN_IDENTITY = "iPhone Developer";
				COPY_PHASE_STRIP = NO;
				DEBUG_INFORMATION_FORMAT = dwarf;
				ENABLE_STRICT_OBJC_MSGSEND = YES;
				ENABLE_TESTABILITY = YES;
				GCC_C_LANGUAGE_STANDARD = gnu11;
				GCC_DYNAMIC_NO_PIC = NO;
				GCC_NO_COMMON_BLOCKS = YES;
				GCC_OPTIMIZATION_LEVEL = 0;
				GCC_PREPROCESSOR_DEFINITIONS = (
					"DEBUG=1",
					"$(inherited)",
				);
				GCC_WARN_64_TO_32_BIT_CONVERSION = YES;
				GCC_WARN_ABOUT_RETURN_TYPE = YES_ERROR;
				GCC_WARN_UNDECLARED_SELECTOR = YES;
				GCC_WARN_UNINITIALIZED_AUTOS = YES_AGGRESSIVE;
				GCC_WARN_UNUSED_FUNCTION = YES;
				GCC_WARN_UNUSED_VARIABLE = YES;
				IPHONEOS_DEPLOYMENT_TARGET = 11.4;
				MTL_ENABLE_DEBUG_INFO = YES;
				ONLY_ACTIVE_ARCH = YES;
				SDKROOT = iphoneos;
				SWIFT_ACTIVE_COMPILATION_CONDITIONS = DEBUG;
				SWIFT_OPTIMIZATION_LEVEL = "-Onone";
			};
			name = Debug;
		};
		33D06CB42137AFE5005BC499 /* Release */ = {
			isa = XCBuildConfiguration;
			buildSettings = {
				ALWAYS_SEARCH_USER_PATHS = NO;
				CLANG_ANALYZER_NONNULL = YES;
				CLANG_ANALYZER_NUMBER_OBJECT_CONVERSION = YES_AGGRESSIVE;
				CLANG_CXX_LANGUAGE_STANDARD = "gnu++14";
				CLANG_CXX_LIBRARY = "libc++";
				CLANG_ENABLE_MODULES = YES;
				CLANG_ENABLE_OBJC_ARC = YES;
				CLANG_ENABLE_OBJC_WEAK = YES;
				CLANG_WARN_BLOCK_CAPTURE_AUTORELEASING = YES;
				CLANG_WARN_BOOL_CONVERSION = YES;
				CLANG_WARN_COMMA = YES;
				CLANG_WARN_CONSTANT_CONVERSION = YES;
				CLANG_WARN_DEPRECATED_OBJC_IMPLEMENTATIONS = YES;
				CLANG_WARN_DIRECT_OBJC_ISA_USAGE = YES_ERROR;
				CLANG_WARN_DOCUMENTATION_COMMENTS = YES;
				CLANG_WARN_EMPTY_BODY = YES;
				CLANG_WARN_ENUM_CONVERSION = YES;
				CLANG_WARN_INFINITE_RECURSION = YES;
				CLANG_WARN_INT_CONVERSION = YES;
				CLANG_WARN_NON_LITERAL_NULL_CONVERSION = YES;
				CLANG_WARN_OBJC_IMPLICIT_RETAIN_SELF = YES;
				CLANG_WARN_OBJC_LITERAL_CONVERSION = YES;
				CLANG_WARN_OBJC_ROOT_CLASS = YES_ERROR;
				CLANG_WARN_RANGE_LOOP_ANALYSIS = YES;
				CLANG_WARN_STRICT_PROTOTYPES = YES;
				CLANG_WARN_SUSPICIOUS_MOVE = YES;
				CLANG_WARN_UNGUARDED_AVAILABILITY = YES_AGGRESSIVE;
				CLANG_WARN_UNREACHABLE_CODE = YES;
				CLANG_WARN__DUPLICATE_METHOD_MATCH = YES;
				CODE_SIGN_IDENTITY = "iPhone Developer";
				COPY_PHASE_STRIP = NO;
				DEBUG_INFORMATION_FORMAT = "dwarf-with-dsym";
				ENABLE_NS_ASSERTIONS = NO;
				ENABLE_STRICT_OBJC_MSGSEND = YES;
				GCC_C_LANGUAGE_STANDARD = gnu11;
				GCC_NO_COMMON_BLOCKS = YES;
				GCC_WARN_64_TO_32_BIT_CONVERSION = YES;
				GCC_WARN_ABOUT_RETURN_TYPE = YES_ERROR;
				GCC_WARN_UNDECLARED_SELECTOR = YES;
				GCC_WARN_UNINITIALIZED_AUTOS = YES_AGGRESSIVE;
				GCC_WARN_UNUSED_FUNCTION = YES;
				GCC_WARN_UNUSED_VARIABLE = YES;
				IPHONEOS_DEPLOYMENT_TARGET = 11.4;
				MTL_ENABLE_DEBUG_INFO = NO;
				SDKROOT = iphoneos;
				SWIFT_COMPILATION_MODE = wholemodule;
				SWIFT_OPTIMIZATION_LEVEL = "-O";
				VALIDATE_PRODUCT = YES;
			};
			name = Release;
		};
		33D06CB62137AFE5005BC499 /* Debug */ = {
			isa = XCBuildConfiguration;
			buildSettings = {
				ASSETCATALOG_COMPILER_APPICON_NAME = AppIcon;
				CODE_SIGN_STYLE = Automatic;
				INFOPLIST_FILE = TipCalc/Info.plist;
				LD_RUNPATH_SEARCH_PATHS = (
					"$(inherited)",
					"@executable_path/Frameworks",
				);
				PRODUCT_BUNDLE_IDENTIFIER = com.practice.TipCalc;
				PRODUCT_NAME = "$(TARGET_NAME)";
				SWIFT_VERSION = 4.0;
				TARGETED_DEVICE_FAMILY = "1,2";
			};
			name = Debug;
		};
		33D06CB72137AFE5005BC499 /* Release */ = {
			isa = XCBuildConfiguration;
			buildSettings = {
				ASSETCATALOG_COMPILER_APPICON_NAME = AppIcon;
				CODE_SIGN_STYLE = Automatic;
				INFOPLIST_FILE = TipCalc/Info.plist;
				LD_RUNPATH_SEARCH_PATHS = (
					"$(inherited)",
					"@executable_path/Frameworks",
				);
				PRODUCT_BUNDLE_IDENTIFIER = com.practice.TipCalc;
				PRODUCT_NAME = "$(TARGET_NAME)";
				SWIFT_VERSION = 4.0;
				TARGETED_DEVICE_FAMILY = "1,2";
			};
			name = Release;
		};
		33D06CB92137AFE5005BC499 /* Debug */ = {
			isa = XCBuildConfiguration;
			buildSettings = {
				ALWAYS_EMBED_SWIFT_STANDARD_LIBRARIES = YES;
				BUNDLE_LOADER = "$(TEST_HOST)";
				CODE_SIGN_STYLE = Automatic;
				INFOPLIST_FILE = TipCalcTests/Info.plist;
				LD_RUNPATH_SEARCH_PATHS = (
					"$(inherited)",
					"@executable_path/Frameworks",
					"@loader_path/Frameworks",
				);
				PRODUCT_BUNDLE_IDENTIFIER = com.practice.TipCalcTests;
				PRODUCT_NAME = "$(TARGET_NAME)";
				SWIFT_VERSION = 4.0;
				TARGETED_DEVICE_FAMILY = "1,2";
				TEST_HOST = "$(BUILT_PRODUCTS_DIR)/TipCalc.app/TipCalc";
			};
			name = Debug;
		};
		33D06CBA2137AFE5005BC499 /* Release */ = {
			isa = XCBuildConfiguration;
			buildSettings = {
				ALWAYS_EMBED_SWIFT_STANDARD_LIBRARIES = YES;
				BUNDLE_LOADER = "$(TEST_HOST)";
				CODE_SIGN_STYLE = Automatic;
				INFOPLIST_FILE = TipCalcTests/Info.plist;
				LD_RUNPATH_SEARCH_PATHS = (
					"$(inherited)",
					"@executable_path/Frameworks",
					"@loader_path/Frameworks",
				);
				PRODUCT_BUNDLE_IDENTIFIER = com.practice.TipCalcTests;
				PRODUCT_NAME = "$(TARGET_NAME)";
				SWIFT_VERSION = 4.0;
				TARGETED_DEVICE_FAMILY = "1,2";
				TEST_HOST = "$(BUILT_PRODUCTS_DIR)/TipCalc.app/TipCalc";
			};
			name = Release;
		};
		33D06CBC2137AFE5005BC499 /* Debug */ = {
			isa = XCBuildConfiguration;
			buildSettings = {
				ALWAYS_EMBED_SWIFT_STANDARD_LIBRARIES = YES;
				CODE_SIGN_STYLE = Automatic;
				INFOPLIST_FILE = TipCalcUITests/Info.plist;
				LD_RUNPATH_SEARCH_PATHS = (
					"$(inherited)",
					"@executable_path/Frameworks",
					"@loader_path/Frameworks",
				);
				PRODUCT_BUNDLE_IDENTIFIER = com.practice.TipCalcUITests;
				PRODUCT_NAME = "$(TARGET_NAME)";
				SWIFT_VERSION = 4.0;
				TARGETED_DEVICE_FAMILY = "1,2";
				TEST_TARGET_NAME = TipCalc;
			};
			name = Debug;
		};
		33D06CBD2137AFE5005BC499 /* Release */ = {
			isa = XCBuildConfiguration;
			buildSettings = {
				ALWAYS_EMBED_SWIFT_STANDARD_LIBRARIES = YES;
				CODE_SIGN_STYLE = Automatic;
				INFOPLIST_FILE = TipCalcUITests/Info.plist;
				LD_RUNPATH_SEARCH_PATHS = (
					"$(inherited)",
					"@executable_path/Frameworks",
					"@loader_path/Frameworks",
				);
				PRODUCT_BUNDLE_IDENTIFIER = com.practice.TipCalcUITests;
				PRODUCT_NAME = "$(TARGET_NAME)";
				SWIFT_VERSION = 4.0;
				TARGETED_DEVICE_FAMILY = "1,2";
				TEST_TARGET_NAME = TipCalc;
			};
			name = Release;
		};
/* End XCBuildConfiguration section */

/* Begin XCConfigurationList section */
		33D06C882137AFE2005BC499 /* Build configuration list for PBXProject "TipCalc" */ = {
			isa = XCConfigurationList;
			buildConfigurations = (
				33D06CB32137AFE5005BC499 /* Debug */,
				33D06CB42137AFE5005BC499 /* Release */,
			);
			defaultConfigurationIsVisible = 0;
			defaultConfigurationName = Release;
		};
		33D06CB52137AFE5005BC499 /* Build configuration list for PBXNativeTarget "TipCalc" */ = {
			isa = XCConfigurationList;
			buildConfigurations = (
				33D06CB62137AFE5005BC499 /* Debug */,
				33D06CB72137AFE5005BC499 /* Release */,
			);
			defaultConfigurationIsVisible = 0;
			defaultConfigurationName = Release;
		};
		33D06CB82137AFE5005BC499 /* Build configuration list for PBXNativeTarget "TipCalcTests" */ = {
			isa = XCConfigurationList;
			buildConfigurations = (
				33D06CB92137AFE5005BC499 /* Debug */,
				33D06CBA2137AFE5005BC499 /* Release */,
			);
			defaultConfigurationIsVisible = 0;
			defaultConfigurationName = Release;
		};
		33D06CBB2137AFE5005BC499 /* Build configuration list for PBXNativeTarget "TipCalcUITests" */ = {
			isa = XCConfigurationList;
			buildConfigurations = (
				33D06CBC2137AFE5005BC499 /* Debug */,
				33D06CBD2137AFE5005BC499 /* Release */,
			);
			defaultConfigurationIsVisible = 0;
			defaultConfigurationName = Release;
		};
/* End XCConfigurationList section */
	};
	rootObject = 33D06C852137AFE2005BC499 /* Project object */;
}
